
Microsoft Visual Studio Solution File, Format Version 12.00
# Visual Studio Version 17
VisualStudioVersion = 17.0.31912.275
MinimumVisualStudioVersion = 10.0.40219.1
Project("{FAE04EC0-301F-11D3-BF4B-00C04F79EFBC}") = "RecordsAttachment", "RecordsAttachment\RecordsAttachment.csproj", "{36357B26-0278-4410-9305-8131AE81E50E}"
EndProject
Global
	GlobalSection(SolutionConfigurationPlatforms) = preSolution
		Debug|Any CPU = Debug|Any CPU
		Release|Any CPU = Release|Any CPU
	EndGlobalSection
	GlobalSection(ProjectConfigurationPlatforms) = postSolution
		{36357B26-0278-4410-9305-8131AE81E50E}.Debug|Any CPU.ActiveCfg = Debug|Any CPU
		{36357B26-0278-4410-9305-8131AE81E50E}.Debug|Any CPU.Build.0 = Debug|Any CPU
		{36357B26-0278-4410-9305-8131AE81E50E}.Release|Any CPU.ActiveCfg = Release|Any CPU
		{36357B26-0278-4410-9305-8131AE81E50E}.Release|Any CPU.Build.0 = Release|Any CPU
	EndGlobalSection
	GlobalSection(SolutionProperties) = preSolution
		HideSolutionNode = FALSE
	EndGlobalSection
	GlobalSection(ExtensibilityGlobals) = postSolution
		SolutionGuid = {73995585-44DE-4E9E-95CE-7A7BB6352E22}
	EndGlobalSection
EndGlobal
